# THIS IS AN AUTOGENERATED FILE. DO NOT EDIT THIS FILE DIRECTLY.
# yarn lockfile v1


"@prisma/client@3.9.2":
  version "3.9.2"
  resolved "https://registry.yarnpkg.com/@prisma/client/-/client-3.9.2.tgz#ad17dcfb702842573fe6ec3b7dc4615eff8d8fc6"
  integrity sha512-VlEIYVMyfFZHbVBOlunPl47gmP/Z0zzPjPj8I7uKEIaABqrUy50ru3XS0aZd8GFvevVwt7p91xxkUjNjrWhKAQ==
  dependencies:
    "@prisma/engines-version" "3.9.0-58.bcc2ff906db47790ee902e7bbc76d7ffb1893009"

"@prisma/engines-version@3.9.0-58.bcc2ff906db47790ee902e7bbc76d7ffb1893009":
  version "3.9.0-58.bcc2ff906db47790ee902e7bbc76d7ffb1893009"
  resolved "https://registry.yarnpkg.com/@prisma/engines-version/-/engines-version-3.9.0-58.bcc2ff906db47790ee902e7bbc76d7ffb1893009.tgz#ea03ffa723382a526dc6625ce6eae9b6ad984400"
  integrity sha512-5Dh+qTDhpPR66w6NNAnPs+/W/Qt4r1DSd+qhfPFcDThUK4uxoZKGlPb2IYQn5LL+18aIGnmteDf7BnVMmvBNSQ==

"@prisma/engines@3.9.0-58.bcc2ff906db47790ee902e7bbc76d7ffb1893009":
  version "3.9.0-58.bcc2ff906db47790ee902e7bbc76d7ffb1893009"
  resolved "https://registry.yarnpkg.com/@prisma/engines/-/engines-3.9.0-58.bcc2ff906db47790ee902e7bbc76d7ffb1893009.tgz#e5c345cdedb7be83d11c1e0c5ab61d866b411256"
  integrity sha512-qM+uJbkelB21bnK44gYE049YTHIjHysOuj0mj5U2gDGyNLfmiazlggzFPCgEjgme4U5YB2tYs6Z5Hq08Kl8pjA==

"@types/node@^17.0.18":
  version "17.0.18"
  resolved "https://registry.yarnpkg.com/@types/node/-/node-17.0.18.tgz#3b4fed5cfb58010e3a2be4b6e74615e4847f1074"
  integrity sha512-eKj4f/BsN/qcculZiRSujogjvp5O/k4lOW5m35NopjZM/QwLOR075a8pJW5hD+Rtdm2DaCVPENS6KtSQnUD6BA==

crypto@^1.0.1:
  version "1.0.1"
  resolved "https://registry.yarnpkg.com/crypto/-/crypto-1.0.1.tgz#2af1b7cad8175d24c8a1b0778255794a21803037"
  integrity sha512-VxBKmeNcqQdiUQUW2Tzq0t377b54N2bMtXO/qiLa+6eRRmmC4qT3D4OnTGoT/U6O9aklQ/jTwbOtRMTTY8G0Ig==

node-bin-setup@^1.0.0:
  version "1.1.0"
  resolved "https://registry.yarnpkg.com/node-bin-setup/-/node-bin-setup-1.1.0.tgz#9df94c41335a8f41958a639b2736f860582a209c"
  integrity sha512-pTeU6NgUrexiLNtd+AKwvg6cngHMvj5FZ5e2bbv2ogBSIc9yhkXSSaTScfSRZnwHIh5YFmYSYlemLWkiKD7rog==

node@^17.4.0:
  version "17.4.0"
  resolved "https://registry.yarnpkg.com/node/-/node-17.4.0.tgz#946f480c8bc08720cfdb3f6681b8f8c913a6c8e0"
  integrity sha512-/kPlbyQjDJa9NEOPmKSTmHOxgq+7wAMWNdU+8B9cXseQXTaF3xYAiYc9dCh3fDUxnrLR/DIqiYEQ85ICqSya8A==
  dependencies:
    node-bin-setup "^1.0.0"

prisma@^3.9.2:
  version "3.9.2"
  resolved "https://registry.yarnpkg.com/prisma/-/prisma-3.9.2.tgz#cc2da4e8db91231dea7465adf9db6e19f11032a9"
  integrity sha512-i9eK6cexV74OgeWaH3+e6S07kvC9jEZTl6BqtBH398nlCU0tck7mE9dicY6YQd+euvMjjCtY89q4NgmaPnUsSg==
  dependencies:
    "@prisma/engines" "3.9.0-58.bcc2ff906db47790ee902e7bbc76d7ffb1893009"

typescript@^4.5.5:
  version "4.5.5"
  resolved "https://registry.yarnpkg.com/typescript/-/typescript-4.5.5.tgz#d8c953832d28924a9e3d37c73d729c846c5896f3"
  integrity sha512-TCTIul70LyWe6IJWT8QSYeA54WQe8EjQFU4wY52Fasj5UKx88LNYKCgBEHcOMOrFF1rKGbD8v/xcNWVUq9SymA==
